
Microsoft Visual Studio Solution File, Format Version 12.00
# Visual Studio Version 17
VisualStudioVersion = 17.4.33213.308
MinimumVisualStudioVersion = 10.0.40219.1
Project("{FAE04EC0-301F-11D3-BF4B-00C04F79EFBC}") = "BlazorTypescriptInterop", "BlazorTypescriptInterop\BlazorTypescriptInterop.csproj", "{49A3CC59-7B2E-4D4F-97BC-8B6D0297CA7D}"
EndProject
Global
	GlobalSection(SolutionConfigurationPlatforms) = preSolution
		Debug|Any CPU = Debug|Any CPU
		Release|Any CPU = Release|Any CPU
	EndGlobalSection
	GlobalSection(ProjectConfigurationPlatforms) = postSolution
		{49A3CC59-7B2E-4D4F-97BC-8B6D0297CA7D}.Debug|Any CPU.ActiveCfg = Debug|Any CPU
		{49A3CC59-7B2E-4D4F-97BC-8B6D0297CA7D}.Debug|Any CPU.Build.0 = Debug|Any CPU
		{49A3CC59-7B2E-4D4F-97BC-8B6D0297CA7D}.Release|Any CPU.ActiveCfg = Release|Any CPU
		{49A3CC59-7B2E-4D4F-97BC-8B6D0297CA7D}.Release|Any CPU.Build.0 = Release|Any CPU
	EndGlobalSection
	GlobalSection(SolutionProperties) = preSolution
		HideSolutionNode = FALSE
	EndGlobalSection
	GlobalSection(ExtensibilityGlobals) = postSolution
		SolutionGuid = {1F7548FE-AFC4-4A66-A6F9-9723C4270521}
	EndGlobalSection
EndGlobal
